
Microsoft Visual Studio Solution File, Format Version 12.00
Project("{FAE04EC0-301F-11D3-BF4B-00C04F79EFBC}") = "NetworkAdapterReset.Test", "NetworkAdapterReset.Test\NetworkAdapterReset.Test.csproj", "{DF9A77C2-F15D-45F4-A98F-4FB6506CB329}"
EndProject
Project("{FAE04EC0-301F-11D3-BF4B-00C04F79EFBC}") = "NetworkAdapterRestartService", "NetworkAdapterRestartService\NetworkAdapterRestartService.csproj", "{12F7605E-B7FD-4E92-BF54-47D4F2F9B42E}"
EndProject
Global
	GlobalSection(SolutionConfigurationPlatforms) = preSolution
		Debug|Any CPU = Debug|Any CPU
		Release|Any CPU = Release|Any CPU
	EndGlobalSection
	GlobalSection(ProjectConfigurationPlatforms) = postSolution
		{DF9A77C2-F15D-45F4-A98F-4FB6506CB329}.Debug|Any CPU.ActiveCfg = Debug|Any CPU
		{DF9A77C2-F15D-45F4-A98F-4FB6506CB329}.Debug|Any CPU.Build.0 = Debug|Any CPU
		{DF9A77C2-F15D-45F4-A98F-4FB6506CB329}.Release|Any CPU.ActiveCfg = Release|Any CPU
		{DF9A77C2-F15D-45F4-A98F-4FB6506CB329}.Release|Any CPU.Build.0 = Release|Any CPU
		{12F7605E-B7FD-4E92-BF54-47D4F2F9B42E}.Debug|Any CPU.ActiveCfg = Debug|Any CPU
		{12F7605E-B7FD-4E92-BF54-47D4F2F9B42E}.Debug|Any CPU.Build.0 = Debug|Any CPU
		{12F7605E-B7FD-4E92-BF54-47D4F2F9B42E}.Release|Any CPU.ActiveCfg = Release|Any CPU
		{12F7605E-B7FD-4E92-BF54-47D4F2F9B42E}.Release|Any CPU.Build.0 = Release|Any CPU
	EndGlobalSection
EndGlobal
